// !$*UTF8*$!
{
	archiveVersion = 1;
	classes = {
	};
	objectVersion = 56;
	objects = {

/* Begin PBXBuildFile section */
		3B202D0F2A5BF12700C53A0A /* AppDelegate.swift in Sources */ = {isa = PBXBuildFile; fileRef = 3B202D0E2A5BF12700C53A0A /* AppDelegate.swift */; };
		3B202D112A5BF12700C53A0A /* SceneDelegate.swift in Sources */ = {isa = PBXBuildFile; fileRef = 3B202D102A5BF12700C53A0A /* SceneDelegate.swift */; };
		3B202D132A5BF12700C53A0A /* ViewController.swift in Sources */ = {isa = PBXBuildFile; fileRef = 3B202D122A5BF12700C53A0A /* ViewController.swift */; };
		3B202D162A5BF12700C53A0A /* Main.storyboard in Resources */ = {isa = PBXBuildFile; fileRef = 3B202D142A5BF12700C53A0A /* Main.storyboard */; };
		3B202D182A5BF12800C53A0A /* Assets.xcassets in Resources */ = {isa = PBXBuildFile; fileRef = 3B202D172A5BF12800C53A0A /* Assets.xcassets */; };
		3B202D1B2A5BF12800C53A0A /* LaunchScreen.storyboard in Resources */ = {isa = PBXBuildFile; fileRef = 3B202D192A5BF12800C53A0A /* LaunchScreen.storyboard */; };
		3B202D232A5BF21300C53A0A /* TableViewController.swift in Sources */ = {isa = PBXBuildFile; fileRef = 3B202D222A5BF21300C53A0A /* TableViewController.swift */; };
		3B202D252A5BF24100C53A0A /* AnimeTableViewCell.swift in Sources */ = {isa = PBXBuildFile; fileRef = 3B202D242A5BF24100C53A0A /* AnimeTableViewCell.swift */; };
		3B202D272A5BF25200C53A0A /* AnimeTitle.swift in Sources */ = {isa = PBXBuildFile; fileRef = 3B202D262A5BF25200C53A0A /* AnimeTitle.swift */; };
		BA6E594F434FD2D04F5B5299 /* Pods_AnimeTitles.framework in Frameworks */ = {isa = PBXBuildFile; fileRef = 2A929B277C27226ACE3FAA06 /* Pods_AnimeTitles.framework */; };
/* End PBXBuildFile section */

/* Begin PBXFileReference section */
		2A929B277C27226ACE3FAA06 /* Pods_AnimeTitles.framework */ = {isa = PBXFileReference; explicitFileType = wrapper.framework; includeInIndex = 0; path = Pods_AnimeTitles.framework; sourceTree = BUILT_PRODUCTS_DIR; };
		3B202D0B2A5BF12700C53A0A /* AnimeTitles.app */ = {isa = PBXFileReference; explicitFileType = wrapper.application; includeInIndex = 0; path = AnimeTitles.app; sourceTree = BUILT_PRODUCTS_DIR; };
		3B202D0E2A5BF12700C53A0A /* AppDelegate.swift */ = {isa = PBXFileReference; lastKnownFileType = sourcecode.swift; path = AppDelegate.swift; sourceTree = "<group>"; };
		3B202D102A5BF12700C53A0A /* SceneDelegate.swift */ = {isa = PBXFileReference; lastKnownFileType = sourcecode.swift; path = SceneDelegate.swift; sourceTree = "<group>"; };
		3B202D122A5BF12700C53A0A /* ViewController.swift */ = {isa = PBXFileReference; lastKnownFileType = sourcecode.swift; path = ViewController.swift; sourceTree = "<group>"; };
		3B202D152A5BF12700C53A0A /* Base */ = {isa = PBXFileReference; lastKnownFileType = file.storyboard; name = Base; path = Base.lproj/Main.storyboard; sourceTree = "<group>"; };
		3B202D172A5BF12800C53A0A /* Assets.xcassets */ = {isa = PBXFileReference; lastKnownFileType = folder.assetcatalog; path = Assets.xcassets; sourceTree = "<group>"; };
		3B202D1A2A5BF12800C53A0A /* Base */ = {isa = PBXFileReference; lastKnownFileType = file.storyboard; name = Base; path = Base.lproj/LaunchScreen.storyboard; sourceTree = "<group>"; };
		3B202D1C2A5BF12800C53A0A /* Info.plist */ = {isa = PBXFileReference; lastKnownFileType = text.plist.xml; path = Info.plist; sourceTree = "<group>"; };
		3B202D222A5BF21300C53A0A /* TableViewController.swift */ = {isa = PBXFileReference; lastKnownFileType = sourcecode.swift; path = TableViewController.swift; sourceTree = "<group>"; };
		3B202D242A5BF24100C53A0A /* AnimeTableViewCell.swift */ = {isa = PBXFileReference; lastKnownFileType = sourcecode.swift; path = AnimeTableViewCell.swift; sourceTree = "<group>"; };
		3B202D262A5BF25200C53A0A /* AnimeTitle.swift */ = {isa = PBXFileReference; lastKnownFileType = sourcecode.swift; path = AnimeTitle.swift; sourceTree = "<group>"; };
		7D212D8E648B4D6AE3068311 /* Pods-AnimeTitles.release.xcconfig */ = {isa = PBXFileReference; includeInIndex = 1; lastKnownFileType = text.xcconfig; name = "Pods-AnimeTitles.release.xcconfig"; path = "Target Support Files/Pods-AnimeTitles/Pods-AnimeTitles.release.xcconfig"; sourceTree = "<group>"; };
		C5D7CE00920882229D4E6D8D /* Pods-AnimeTitles.debug.xcconfig */ = {isa = PBXFileReference; includeInIndex = 1; lastKnownFileType = text.xcconfig; name = "Pods-AnimeTitles.debug.xcconfig"; path = "Target Support Files/Pods-AnimeTitles/Pods-AnimeTitles.debug.xcconfig"; sourceTree = "<group>"; };
/* End PBXFileReference section */

/* Begin PBXFrameworksBuildPhase section */
		3B202D082A5BF12700C53A0A /* Frameworks */ = {
			isa = PBXFrameworksBuildPhase;
			buildActionMask = 2147483647;
			files = (
				BA6E594F434FD2D04F5B5299 /* Pods_AnimeTitles.framework in Frameworks */,
			);
			runOnlyForDeploymentPostprocessing = 0;
		};
/* End PBXFrameworksBuildPhase section */

/* Begin PBXGroup section */
		3B202D022A5BF12700C53A0A = {
			isa = PBXGroup;
			children = (
				3B202D0D2A5BF12700C53A0A /* AnimeTitles */,
				3B202D0C2A5BF12700C53A0A /* Products */,
				403A5D2FE58CCDF6770B5FAF /* Pods */,
				F591B0F31D77EFA3CB237023 /* Frameworks */,
			);
			sourceTree = "<group>";
		};
		3B202D0C2A5BF12700C53A0A /* Products */ = {
			isa = PBXGroup;
			children = (
				3B202D0B2A5BF12700C53A0A /* AnimeTitles.app */,
			);
			name = Products;
			sourceTree = "<group>";
		};
		3B202D0D2A5BF12700C53A0A /* AnimeTitles */ = {
			isa = PBXGroup;
			children = (
				3B202D0E2A5BF12700C53A0A /* AppDelegate.swift */,
				3B202D102A5BF12700C53A0A /* SceneDelegate.swift */,
				3B202D122A5BF12700C53A0A /* ViewController.swift */,
				3B202D142A5BF12700C53A0A /* Main.storyboard */,
				3B202D172A5BF12800C53A0A /* Assets.xcassets */,
				3B202D192A5BF12800C53A0A /* LaunchScreen.storyboard */,
				3B202D1C2A5BF12800C53A0A /* Info.plist */,
				3B202D222A5BF21300C53A0A /* TableViewController.swift */,
				3B202D242A5BF24100C53A0A /* AnimeTableViewCell.swift */,
				3B202D262A5BF25200C53A0A /* AnimeTitle.swift */,
			);
			path = AnimeTitles;
			sourceTree = "<group>";
		};
		403A5D2FE58CCDF6770B5FAF /* Pods */ = {
			isa = PBXGroup;
			children = (
				C5D7CE00920882229D4E6D8D /* Pods-AnimeTitles.debug.xcconfig */,
				7D212D8E648B4D6AE3068311 /* Pods-AnimeTitles.release.xcconfig */,
			);
			path = Pods;
			sourceTree = "<group>";
		};
		F591B0F31D77EFA3CB237023 /* Frameworks */ = {
			isa = PBXGroup;
			children = (
				2A929B277C27226ACE3FAA06 /* Pods_AnimeTitles.framework */,
			);
			name = Frameworks;
			sourceTree = "<group>";
		};
/* End PBXGroup section */

/* Begin PBXNativeTarget section */
		3B202D0A2A5BF12700C53A0A /* AnimeTitles */ = {
			isa = PBXNativeTarget;
			buildConfigurationList = 3B202D1F2A5BF12800C53A0A /* Build configuration list for PBXNativeTarget "AnimeTitles" */;
			buildPhases = (
				6F467509ABF2C3FF83543C3C /* [CP] Check Pods Manifest.lock */,
				3B202D072A5BF12700C53A0A /* Sources */,
				3B202D082A5BF12700C53A0A /* Frameworks */,
				3B202D092A5BF12700C53A0A /* Resources */,
				77789B6D025AFF35530DC2B5 /* [CP] Embed Pods Frameworks */,
			);
			buildRules = (
			);
			dependencies = (
			);
			name = AnimeTitles;
			productName = AnimeTitles;
			productReference = 3B202D0B2A5BF12700C53A0A /* AnimeTitles.app */;
			productType = "com.apple.product-type.application";
		};
/* End PBXNativeTarget section */

/* Begin PBXProject section */
		3B202D032A5BF12700C53A0A /* Project object */ = {
			isa = PBXProject;
			attributes = {
				BuildIndependentTargetsInParallel = 1;
				LastSwiftUpdateCheck = 1430;
				LastUpgradeCheck = 1430;
				TargetAttributes = {
					3B202D0A2A5BF12700C53A0A = {
						CreatedOnToolsVersion = 14.3;
					};
				};
			};
			buildConfigurationList = 3B202D062A5BF12700C53A0A /* Build configuration list for PBXProject "AnimeTitles" */;
			compatibilityVersion = "Xcode 14.0";
			developmentRegion = en;
			hasScannedForEncodings = 0;
			knownRegions = (
				en,
				Base,
			);
			mainGroup = 3B202D022A5BF12700C53A0A;
			productRefGroup = 3B202D0C2A5BF12700C53A0A /* Products */;
			projectDirPath = "";
			projectRoot = "";
			targets = (
				3B202D0A2A5BF12700C53A0A /* AnimeTitles */,
			);
		};
/* End PBXProject section */

/* Begin PBXResourcesBuildPhase section */
		3B202D092A5BF12700C53A0A /* Resources */ = {
			isa = PBXResourcesBuildPhase;
			buildActionMask = 2147483647;
			files = (
				3B202D1B2A5BF12800C53A0A /* LaunchScreen.storyboard in Resources */,
				3B202D182A5BF12800C53A0A /* Assets.xcassets in Resources */,
				3B202D162A5BF12700C53A0A /* Main.storyboard in Resources */,
			);
			runOnlyForDeploymentPostprocessing = 0;
		};
/* End PBXResourcesBuildPhase section */

/* Begin PBXShellScriptBuildPhase section */
		6F467509ABF2C3FF83543C3C /* [CP] Check Pods Manifest.lock */ = {
			isa = PBXShellScriptBuildPhase;
			buildActionMask = 2147483647;
			files = (
			);
			inputFileListPaths = (
			);
			inputPaths = (
				"${PODS_PODFILE_DIR_PATH}/Podfile.lock",
				"${PODS_ROOT}/Manifest.lock",
			);
			name = "[CP] Check Pods Manifest.lock";
			outputFileListPaths = (
			);
			outputPaths = (
				"$(DERIVED_FILE_DIR)/Pods-AnimeTitles-checkManifestLockResult.txt",
			);
			runOnlyForDeploymentPostprocessing = 0;
			shellPath = /bin/sh;
			shellScript = "diff \"${PODS_PODFILE_DIR_PATH}/Podfile.lock\" \"${PODS_ROOT}/Manifest.lock\" > /dev/null\nif [ $? != 0 ] ; then\n    # print error to STDERR\n    echo \"error: The sandbox is not in sync with the Podfile.lock. Run 'pod install' or update your CocoaPods installation.\" >&2\n    exit 1\nfi\n# This output is used by Xcode 'outputs' to avoid re-running this script phase.\necho \"SUCCESS\" > \"${SCRIPT_OUTPUT_FILE_0}\"\n";
			showEnvVarsInLog = 0;
		};
		77789B6D025AFF35530DC2B5 /* [CP] Embed Pods Frameworks */ = {
			isa = PBXShellScriptBuildPhase;
			buildActionMask = 2147483647;
			files = (
			);
			inputFileListPaths = (
				"${PODS_ROOT}/Target Support Files/Pods-AnimeTitles/Pods-AnimeTitles-frameworks-${CONFIGURATION}-input-files.xcfilelist",
			);
			name = "[CP] Embed Pods Frameworks";
			outputFileListPaths = (
				"${PODS_ROOT}/Target Support Files/Pods-AnimeTitles/Pods-AnimeTitles-frameworks-${CONFIGURATION}-output-files.xcfilelist",
			);
			runOnlyForDeploymentPostprocessing = 0;
			shellPath = /bin/sh;
			shellScript = "\"${PODS_ROOT}/Target Support Files/Pods-AnimeTitles/Pods-AnimeTitles-frameworks.sh\"\n";
			showEnvVarsInLog = 0;
		};
/* End PBXShellScriptBuildPhase section */

/* Begin PBXSourcesBuildPhase section */
		3B202D072A5BF12700C53A0A /* Sources */ = {
			isa = PBXSourcesBuildPhase;
			buildActionMask = 2147483647;
			files = (
				3B202D132A5BF12700C53A0A /* ViewController.swift in Sources */,
				3B202D252A5BF24100C53A0A /* AnimeTableViewCell.swift in Sources */,
				3B202D272A5BF25200C53A0A /* AnimeTitle.swift in Sources */,
				3B202D0F2A5BF12700C53A0A /* AppDelegate.swift in Sources */,
				3B202D112A5BF12700C53A0A /* SceneDelegate.swift in Sources */,
				3B202D232A5BF21300C53A0A /* TableViewController.swift in Sources */,
			);
			runOnlyForDeploymentPostprocessing = 0;
		};
/* End PBXSourcesBuildPhase section */

/* Begin PBXVariantGroup section */
		3B202D142A5BF12700C53A0A /* Main.storyboard */ = {
			isa = PBXVariantGroup;
			children = (
				3B202D152A5BF12700C53A0A /* Base */,
			);
			name = Main.storyboard;
			sourceTree = "<group>";
		};
		3B202D192A5BF12800C53A0A /* LaunchScreen.storyboard */ = {
			isa = PBXVariantGroup;
			children = (
				3B202D1A2A5BF12800C53A0A /* Base */,
			);
			name = LaunchScreen.storyboard;
			sourceTree = "<group>";
		};
/* End PBXVariantGroup section */

/* Begin XCBuildConfiguration section */
		3B202D1D2A5BF12800C53A0A /* Debug */ = {
			isa = XCBuildConfiguration;
			buildSettings = {
				ALWAYS_SEARCH_USER_PATHS = NO;
				CLANG_ANALYZER_NONNULL = YES;
				CLANG_ANALYZER_NUMBER_OBJECT_CONVERSION = YES_AGGRESSIVE;
				CLANG_CXX_LANGUAGE_STANDARD = "gnu++20";
				CLANG_ENABLE_MODULES = YES;
				CLANG_ENABLE_OBJC_ARC = YES;
				CLANG_ENABLE_OBJC_WEAK = YES;
				CLANG_WARN_BLOCK_CAPTURE_AUTORELEASING = YES;
				CLANG_WARN_BOOL_CONVERSION = YES;
				CLANG_WARN_COMMA = YES;
				CLANG_WARN_CONSTANT_CONVERSION = YES;
				CLANG_WARN_DEPRECATED_OBJC_IMPLEMENTATIONS = YES;
				CLANG_WARN_DIRECT_OBJC_ISA_USAGE = YES_ERROR;
				CLANG_WARN_DOCUMENTATION_COMMENTS = YES;
				CLANG_WARN_EMPTY_BODY = YES;
				CLANG_WARN_ENUM_CONVERSION = YES;
				CLANG_WARN_INFINITE_RECURSION = YES;
				CLANG_WARN_INT_CONVERSION = YES;
				CLANG_WARN_NON_LITERAL_NULL_CONVERSION = YES;
				CLANG_WARN_OBJC_IMPLICIT_RETAIN_SELF = YES;
				CLANG_WARN_OBJC_LITERAL_CONVERSION = YES;
				CLANG_WARN_OBJC_ROOT_CLASS = YES_ERROR;
				CLANG_WARN_QUOTED_INCLUDE_IN_FRAMEWORK_HEADER = YES;
				CLANG_WARN_RANGE_LOOP_ANALYSIS = YES;
				CLANG_WARN_STRICT_PROTOTYPES = YES;
				CLANG_WARN_SUSPICIOUS_MOVE = YES;
				CLANG_WARN_UNGUARDED_AVAILABILITY = YES_AGGRESSIVE;
				CLANG_WARN_UNREACHABLE_CODE = YES;
				CLANG_WARN__DUPLICATE_METHOD_MATCH = YES;
				COPY_PHASE_STRIP = NO;
				DEBUG_INFORMATION_FORMAT = dwarf;
				ENABLE_STRICT_OBJC_MSGSEND = YES;
				ENABLE_TESTABILITY = YES;
				GCC_C_LANGUAGE_STANDARD = gnu11;
				GCC_DYNAMIC_NO_PIC = NO;
				GCC_NO_COMMON_BLOCKS = YES;
				GCC_OPTIMIZATION_LEVEL = 0;
				GCC_PREPROCESSOR_DEFINITIONS = (
					"DEBUG=1",
					"$(inherited)",
				);
				GCC_WARN_64_TO_32_BIT_CONVERSION = YES;
				GCC_WARN_ABOUT_RETURN_TYPE = YES_ERROR;
				GCC_WARN_UNDECLARED_SELECTOR = YES;
				GCC_WARN_UNINITIALIZED_AUTOS = YES_AGGRESSIVE;
				GCC_WARN_UNUSED_FUNCTION = YES;
				GCC_WARN_UNUSED_VARIABLE = YES;
				IPHONEOS_DEPLOYMENT_TARGET = 16.4;
				MTL_ENABLE_DEBUG_INFO = INCLUDE_SOURCE;
				MTL_FAST_MATH = YES;
				ONLY_ACTIVE_ARCH = YES;
				SDKROOT = iphoneos;
				SWIFT_ACTIVE_COMPILATION_CONDITIONS = DEBUG;
				SWIFT_OPTIMIZATION_LEVEL = "-Onone";
			};
			name = Debug;
		};
		3B202D1E2A5BF12800C53A0A /* Release */ = {
			isa = XCBuildConfiguration;
			buildSettings = {
				ALWAYS_SEARCH_USER_PATHS = NO;
				CLANG_ANALYZER_NONNULL = YES;
				CLANG_ANALYZER_NUMBER_OBJECT_CONVERSION = YES_AGGRESSIVE;
				CLANG_CXX_LANGUAGE_STANDARD = "gnu++20";
				CLANG_ENABLE_MODULES = YES;
				CLANG_ENABLE_OBJC_ARC = YES;
				CLANG_ENABLE_OBJC_WEAK = YES;
				CLANG_WARN_BLOCK_CAPTURE_AUTORELEASING = YES;
				CLANG_WARN_BOOL_CONVERSION = YES;
				CLANG_WARN_COMMA = YES;
				CLANG_WARN_CONSTANT_CONVERSION = YES;
				CLANG_WARN_DEPRECATED_OBJC_IMPLEMENTATIONS = YES;
				CLANG_WARN_DIRECT_OBJC_ISA_USAGE = YES_ERROR;
				CLANG_WARN_DOCUMENTATION_COMMENTS = YES;
				CLANG_WARN_EMPTY_BODY = YES;
				CLANG_WARN_ENUM_CONVERSION = YES;
				CLANG_WARN_INFINITE_RECURSION = YES;
				CLANG_WARN_INT_CONVERSION = YES;
				CLANG_WARN_NON_LITERAL_NULL_CONVERSION = YES;
				CLANG_WARN_OBJC_IMPLICIT_RETAIN_SELF = YES;
				CLANG_WARN_OBJC_LITERAL_CONVERSION = YES;
				CLANG_WARN_OBJC_ROOT_CLASS = YES_ERROR;
				CLANG_WARN_QUOTED_INCLUDE_IN_FRAMEWORK_HEADER = YES;
				CLANG_WARN_RANGE_LOOP_ANALYSIS = YES;
				CLANG_WARN_STRICT_PROTOTYPES = YES;
				CLANG_WARN_SUSPICIOUS_MOVE = YES;
				CLANG_WARN_UNGUARDED_AVAILABILITY = YES_AGGRESSIVE;
				CLANG_WARN_UNREACHABLE_CODE = YES;
				CLANG_WARN__DUPLICATE_METHOD_MATCH = YES;
				COPY_PHASE_STRIP = NO;
				DEBUG_INFORMATION_FORMAT = "dwarf-with-dsym";
				ENABLE_NS_ASSERTIONS = NO;
				ENABLE_STRICT_OBJC_MSGSEND = YES;
				GCC_C_LANGUAGE_STANDARD = gnu11;
				GCC_NO_COMMON_BLOCKS = YES;
				GCC_WARN_64_TO_32_BIT_CONVERSION = YES;
				GCC_WARN_ABOUT_RETURN_TYPE = YES_ERROR;
				GCC_WARN_UNDECLARED_SELECTOR = YES;
				GCC_WARN_UNINITIALIZED_AUTOS = YES_AGGRESSIVE;
				GCC_WARN_UNUSED_FUNCTION = YES;
				GCC_WARN_UNUSED_VARIABLE = YES;
				IPHONEOS_DEPLOYMENT_TARGET = 16.4;
				MTL_ENABLE_DEBUG_INFO = NO;
				MTL_FAST_MATH = YES;
				SDKROOT = iphoneos;
				SWIFT_COMPILATION_MODE = wholemodule;
				SWIFT_OPTIMIZATION_LEVEL = "-O";
				VALIDATE_PRODUCT = YES;
			};
			name = Release;
		};
		3B202D202A5BF12800C53A0A /* Debug */ = {
			isa = XCBuildConfiguration;
			baseConfigurationReference = C5D7CE00920882229D4E6D8D /* Pods-AnimeTitles.debug.xcconfig */;
			buildSettings = {
				ASSETCATALOG_COMPILER_APPICON_NAME = AppIcon;
				ASSETCATALOG_COMPILER_GLOBAL_ACCENT_COLOR_NAME = AccentColor;
				CODE_SIGN_STYLE = Automatic;
				CURRENT_PROJECT_VERSION = 1;
				GENERATE_INFOPLIST_FILE = YES;
				INFOPLIST_FILE = AnimeTitles/Info.plist;
				INFOPLIST_KEY_UIApplicationSupportsIndirectInputEvents = YES;
				INFOPLIST_KEY_UILaunchStoryboardName = LaunchScreen;
				INFOPLIST_KEY_UIMainStoryboardFile = Main;
				INFOPLIST_KEY_UISupportedInterfaceOrientations_iPad = "UIInterfaceOrientationPortrait UIInterfaceOrientationPortraitUpsideDown UIInterfaceOrientationLandscapeLeft UIInterfaceOrientationLandscapeRight";
				INFOPLIST_KEY_UISupportedInterfaceOrientations_iPhone = "UIInterfaceOrientationPortrait UIInterfaceOrientationLandscapeLeft UIInterfaceOrientationLandscapeRight";
				LD_RUNPATH_SEARCH_PATHS = (
					"$(inherited)",
					"@executable_path/Frameworks",
				);
				MARKETING_VERSION = 1.0;
				PRODUCT_BUNDLE_IDENTIFIER = winter.AnimeTitles;
				PRODUCT_NAME = "$(TARGET_NAME)";
				SWIFT_EMIT_LOC_STRINGS = YES;
				SWIFT_VERSION = 5.0;
				TARGETED_DEVICE_FAMILY = "1,2";
			};
			name = Debug;
		};
		3B202D212A5BF12800C53A0A /* Release */ = {
			isa = XCBuildConfiguration;
			baseConfigurationReference = 7D212D8E648B4D6AE3068311 /* Pods-AnimeTitles.release.xcconfig */;
			buildSettings = {
				ASSETCATALOG_COMPILER_APPICON_NAME = AppIcon;
				ASSETCATALOG_COMPILER_GLOBAL_ACCENT_COLOR_NAME = AccentColor;
				CODE_SIGN_STYLE = Automatic;
				CURRENT_PROJECT_VERSION = 1;
				GENERATE_INFOPLIST_FILE = YES;
				INFOPLIST_FILE = AnimeTitles/Info.plist;
				INFOPLIST_KEY_UIApplicationSupportsIndirectInputEvents = YES;
				INFOPLIST_KEY_UILaunchStoryboardName = LaunchScreen;
				INFOPLIST_KEY_UIMainStoryboardFile = Main;
				INFOPLIST_KEY_UISupportedInterfaceOrientations_iPad = "UIInterfaceOrientationPortrait UIInterfaceOrientationPortraitUpsideDown UIInterfaceOrientationLandscapeLeft UIInterfaceOrientationLandscapeRight";
				INFOPLIST_KEY_UISupportedInterfaceOrientations_iPhone = "UIInterfaceOrientationPortrait UIInterfaceOrientationLandscapeLeft UIInterfaceOrientationLandscapeRight";
				LD_RUNPATH_SEARCH_PATHS = (
					"$(inherited)",
					"@executable_path/Frameworks",
				);
				MARKETING_VERSION = 1.0;
				PRODUCT_BUNDLE_IDENTIFIER = winter.AnimeTitles;
				PRODUCT_NAME = "$(TARGET_NAME)";
				SWIFT_EMIT_LOC_STRINGS = YES;
				SWIFT_VERSION = 5.0;
				TARGETED_DEVICE_FAMILY = "1,2";
			};
			name = Release;
		};
/* End XCBuildConfiguration section */

/* Begin XCConfigurationList section */
		3B202D062A5BF12700C53A0A /* Build configuration list for PBXProject "AnimeTitles" */ = {
			isa = XCConfigurationList;
			buildConfigurations = (
				3B202D1D2A5BF12800C53A0A /* Debug */,
				3B202D1E2A5BF12800C53A0A /* Release */,
			);
			defaultConfigurationIsVisible = 0;
			defaultConfigurationName = Release;
		};
		3B202D1F2A5BF12800C53A0A /* Build configuration list for PBXNativeTarget "AnimeTitles" */ = {
			isa = XCConfigurationList;
			buildConfigurations = (
				3B202D202A5BF12800C53A0A /* Debug */,
				3B202D212A5BF12800C53A0A /* Release */,
			);
			defaultConfigurationIsVisible = 0;
			defaultConfigurationName = Release;
		};
/* End XCConfigurationList section */
	};
	rootObject = 3B202D032A5BF12700C53A0A /* Project object */;
}
